
Microsoft Visual Studio Solution File, Format Version 12.00
# Visual Studio Version 17
VisualStudioVersion = 17.8.34525.116
MinimumVisualStudioVersion = 10.0.40219.1
Project("{FAE04EC0-301F-11D3-BF4B-00C04F79EFBC}") = "ProtectedMultipleObjects", "ProtectedMultipleObjects.csproj", "{915B8A1C-4E14-47B1-B5F7-CC94AF032D39}"
EndProject
Global
	GlobalSection(SolutionConfigurationPlatforms) = preSolution
		Debug|Any CPU = Debug|Any CPU
		Release|Any CPU = Release|Any CPU
	EndGlobalSection
	GlobalSection(ProjectConfigurationPlatforms) = postSolution
		{915B8A1C-4E14-47B1-B5F7-CC94AF032D39}.Debug|Any CPU.ActiveCfg = Debug|Any CPU
		{915B8A1C-4E14-47B1-B5F7-CC94AF032D39}.Debug|Any CPU.Build.0 = Debug|Any CPU
		{915B8A1C-4E14-47B1-B5F7-CC94AF032D39}.Release|Any CPU.ActiveCfg = Release|Any CPU
		{915B8A1C-4E14-47B1-B5F7-CC94AF032D39}.Release|Any CPU.Build.0 = Release|Any CPU
	EndGlobalSection
	GlobalSection(SolutionProperties) = preSolution
		HideSolutionNode = FALSE
	EndGlobalSection
	GlobalSection(ExtensibilityGlobals) = postSolution
		SolutionGuid = {CE5A3F0B-BEF9-4AB2-B78C-F66EE441DA3E}
	EndGlobalSection
EndGlobal
